
Microsoft Visual Studio Solution File, Format Version 12.00
# Visual Studio Version 16
VisualStudioVersion = 16.0.31424.327
MinimumVisualStudioVersion = 10.0.40219.1
Project("{FAE04EC0-301F-11D3-BF4B-00C04F79EFBC}") = "View", "View\View.csproj", "{E2598C33-09A1-4B75-A41F-41635EF90A2C}"
EndProject
Project("{2150E333-8FDC-42A3-9474-1A3956D46DE8}") = "Assets", "Assets", "{04065EC2-17ED-4B3D-A410-287F3B031AD8}"
	ProjectSection(SolutionItems) = preProject
		Assets\background.jpg = Assets\background.jpg
		Assets\icon.jpg = Assets\icon.jpg
		Assets\LogIn.jpg = Assets\LogIn.jpg
	EndProjectSection
EndProject
Project("{2150E333-8FDC-42A3-9474-1A3956D46DE8}") = "Fonts", "Fonts", "{27C763D7-0525-4AF9-A278-F38D3CAE6AAB}"
	ProjectSection(SolutionItems) = preProject
		Assets\Fonts\nosquare.otf = Assets\Fonts\nosquare.otf
		Assets\Fonts\square.ttf = Assets\Fonts\square.ttf
	EndProjectSection
EndProject
Global
	GlobalSection(SolutionConfigurationPlatforms) = preSolution
		Debug|Any CPU = Debug|Any CPU
		Release|Any CPU = Release|Any CPU
	EndGlobalSection
	GlobalSection(ProjectConfigurationPlatforms) = postSolution
		{E2598C33-09A1-4B75-A41F-41635EF90A2C}.Debug|Any CPU.ActiveCfg = Debug|Any CPU
		{E2598C33-09A1-4B75-A41F-41635EF90A2C}.Debug|Any CPU.Build.0 = Debug|Any CPU
		{E2598C33-09A1-4B75-A41F-41635EF90A2C}.Release|Any CPU.ActiveCfg = Release|Any CPU
		{E2598C33-09A1-4B75-A41F-41635EF90A2C}.Release|Any CPU.Build.0 = Release|Any CPU
	EndGlobalSection
	GlobalSection(SolutionProperties) = preSolution
		HideSolutionNode = FALSE
	EndGlobalSection
	GlobalSection(NestedProjects) = preSolution
		{27C763D7-0525-4AF9-A278-F38D3CAE6AAB} = {04065EC2-17ED-4B3D-A410-287F3B031AD8}
	EndGlobalSection
	GlobalSection(ExtensibilityGlobals) = postSolution
		SolutionGuid = {C95A6263-F010-4045-A3FA-51DC83132811}
	EndGlobalSection
EndGlobal
